
Microsoft Visual Studio Solution File, Format Version 12.00
# Visual Studio 15
VisualStudioVersion = 15.0.28307.489
MinimumVisualStudioVersion = 10.0.40219.1
Project("{FAE04EC0-301F-11D3-BF4B-00C04F79EFBC}") = "SitePing", "SitePing.csproj", "{1E14C82D-3250-4E8F-A3E2-D7758278456F}"
EndProject
Global
	GlobalSection(SolutionConfigurationPlatforms) = preSolution
		Debug|Any CPU = Debug|Any CPU
		Release|Any CPU = Release|Any CPU
	EndGlobalSection
	GlobalSection(ProjectConfigurationPlatforms) = postSolution
		{1E14C82D-3250-4E8F-A3E2-D7758278456F}.Debug|Any CPU.ActiveCfg = Debug|Any CPU
		{1E14C82D-3250-4E8F-A3E2-D7758278456F}.Debug|Any CPU.Build.0 = Debug|Any CPU
		{1E14C82D-3250-4E8F-A3E2-D7758278456F}.Release|Any CPU.ActiveCfg = Release|Any CPU
		{1E14C82D-3250-4E8F-A3E2-D7758278456F}.Release|Any CPU.Build.0 = Release|Any CPU
	EndGlobalSection
	GlobalSection(SolutionProperties) = preSolution
		HideSolutionNode = FALSE
	EndGlobalSection
	GlobalSection(ExtensibilityGlobals) = postSolution
		SolutionGuid = {0555FE1F-05AF-4530-8D3C-841BD4EFB605}
	EndGlobalSection
EndGlobal
