
Microsoft Visual Studio Solution File, Format Version 12.00
# Visual Studio Version 16
VisualStudioVersion = 16.0.29806.167
MinimumVisualStudioVersion = 10.0.40219.1
Project("{9A19103F-16F7-4668-BE54-9A1E7A4F7556}") = "WebTestWork", "WebTestWork.csproj", "{9FDC16C6-AD0B-4679-B724-25807C8B81B0}"
EndProject
Project("{FAE04EC0-301F-11D3-BF4B-00C04F79EFBC}") = "MSTestWebWork", "..\MSTestWebWork\MSTestWebWork.csproj", "{7C5860B0-4390-49CE-9BDA-1608AF47B67C}"
EndProject
Project("{FAE04EC0-301F-11D3-BF4B-00C04F79EFBC}") = "ObjectModel", "..\ObjectModel\ObjectModel.csproj", "{B3EE78E1-005B-429B-8F9A-DE4368010F0D}"
EndProject
Global
	GlobalSection(SolutionConfigurationPlatforms) = preSolution
		Debug|Any CPU = Debug|Any CPU
		Release|Any CPU = Release|Any CPU
	EndGlobalSection
	GlobalSection(ProjectConfigurationPlatforms) = postSolution
		{9FDC16C6-AD0B-4679-B724-25807C8B81B0}.Debug|Any CPU.ActiveCfg = Debug|Any CPU
		{9FDC16C6-AD0B-4679-B724-25807C8B81B0}.Debug|Any CPU.Build.0 = Debug|Any CPU
		{9FDC16C6-AD0B-4679-B724-25807C8B81B0}.Release|Any CPU.ActiveCfg = Release|Any CPU
		{9FDC16C6-AD0B-4679-B724-25807C8B81B0}.Release|Any CPU.Build.0 = Release|Any CPU
		{7C5860B0-4390-49CE-9BDA-1608AF47B67C}.Debug|Any CPU.ActiveCfg = Debug|Any CPU
		{7C5860B0-4390-49CE-9BDA-1608AF47B67C}.Debug|Any CPU.Build.0 = Debug|Any CPU
		{7C5860B0-4390-49CE-9BDA-1608AF47B67C}.Release|Any CPU.ActiveCfg = Release|Any CPU
		{7C5860B0-4390-49CE-9BDA-1608AF47B67C}.Release|Any CPU.Build.0 = Release|Any CPU
		{B3EE78E1-005B-429B-8F9A-DE4368010F0D}.Debug|Any CPU.ActiveCfg = Debug|Any CPU
		{B3EE78E1-005B-429B-8F9A-DE4368010F0D}.Debug|Any CPU.Build.0 = Debug|Any CPU
		{B3EE78E1-005B-429B-8F9A-DE4368010F0D}.Release|Any CPU.ActiveCfg = Release|Any CPU
		{B3EE78E1-005B-429B-8F9A-DE4368010F0D}.Release|Any CPU.Build.0 = Release|Any CPU
	EndGlobalSection
	GlobalSection(SolutionProperties) = preSolution
		HideSolutionNode = FALSE
	EndGlobalSection
	GlobalSection(ExtensibilityGlobals) = postSolution
		SolutionGuid = {B49815BB-CA7E-4836-B8F8-983AB8403FD3}
	EndGlobalSection
EndGlobal
